
Microsoft Visual Studio Solution File, Format Version 12.00
# Visual Studio Version 16
VisualStudioVersion = 16.0.31702.278
MinimumVisualStudioVersion = 10.0.40219.1
Project("{FAE04EC0-301F-11D3-BF4B-00C04F79EFBC}") = "JamboPayRewards", "JamboPayRewards\JamboPayRewards.csproj", "{F2B847B0-2308-4600-9FB4-B1F9C7A24F15}"
EndProject
Global
	GlobalSection(SolutionConfigurationPlatforms) = preSolution
		Debug|Any CPU = Debug|Any CPU
		Release|Any CPU = Release|Any CPU
	EndGlobalSection
	GlobalSection(ProjectConfigurationPlatforms) = postSolution
		{F2B847B0-2308-4600-9FB4-B1F9C7A24F15}.Debug|Any CPU.ActiveCfg = Debug|Any CPU
		{F2B847B0-2308-4600-9FB4-B1F9C7A24F15}.Debug|Any CPU.Build.0 = Debug|Any CPU
		{F2B847B0-2308-4600-9FB4-B1F9C7A24F15}.Release|Any CPU.ActiveCfg = Release|Any CPU
		{F2B847B0-2308-4600-9FB4-B1F9C7A24F15}.Release|Any CPU.Build.0 = Release|Any CPU
	EndGlobalSection
	GlobalSection(SolutionProperties) = preSolution
		HideSolutionNode = FALSE
	EndGlobalSection
	GlobalSection(ExtensibilityGlobals) = postSolution
		SolutionGuid = {AC79E7FE-58DD-4C6E-B410-748039501682}
	EndGlobalSection
EndGlobal
